
Microsoft Visual Studio Solution File, Format Version 12.00
# Visual Studio Version 16
VisualStudioVersion = 16.0.30114.105
MinimumVisualStudioVersion = 10.0.40219.1
Project("{9A19103F-16F7-4668-BE54-9A1E7A4F7556}") = "SimpleShoppingList.DataAccess", "SimpleShoppingList.DataAccess\SimpleShoppingList.DataAccess.csproj", "{75386795-C50F-4CA1-93B2-444DB6B2575A}"
EndProject
Project("{9A19103F-16F7-4668-BE54-9A1E7A4F7556}") = "SimpleShoppingList.Domain", "SimpleShoppingList.Domain\SimpleShoppingList.Domain.csproj", "{7309DF9F-813A-41F5-B75D-1720934A2944}"
EndProject
Project("{FAE04EC0-301F-11D3-BF4B-00C04F79EFBC}") = "SimpleShoppingList.Web", "SimpleShoppingList.Web\SimpleShoppingList.Web.csproj", "{6423E317-A8B7-4602-90CE-4C9DAB04730F}"
EndProject
Global
	GlobalSection(SolutionConfigurationPlatforms) = preSolution
		Debug|Any CPU = Debug|Any CPU
		Release|Any CPU = Release|Any CPU
	EndGlobalSection
	GlobalSection(ProjectConfigurationPlatforms) = postSolution
		{75386795-C50F-4CA1-93B2-444DB6B2575A}.Debug|Any CPU.ActiveCfg = Debug|Any CPU
		{75386795-C50F-4CA1-93B2-444DB6B2575A}.Debug|Any CPU.Build.0 = Debug|Any CPU
		{75386795-C50F-4CA1-93B2-444DB6B2575A}.Release|Any CPU.ActiveCfg = Release|Any CPU
		{75386795-C50F-4CA1-93B2-444DB6B2575A}.Release|Any CPU.Build.0 = Release|Any CPU
		{7309DF9F-813A-41F5-B75D-1720934A2944}.Debug|Any CPU.ActiveCfg = Debug|Any CPU
		{7309DF9F-813A-41F5-B75D-1720934A2944}.Debug|Any CPU.Build.0 = Debug|Any CPU
		{7309DF9F-813A-41F5-B75D-1720934A2944}.Release|Any CPU.ActiveCfg = Release|Any CPU
		{7309DF9F-813A-41F5-B75D-1720934A2944}.Release|Any CPU.Build.0 = Release|Any CPU
		{6423E317-A8B7-4602-90CE-4C9DAB04730F}.Debug|Any CPU.ActiveCfg = Debug|Any CPU
		{6423E317-A8B7-4602-90CE-4C9DAB04730F}.Debug|Any CPU.Build.0 = Debug|Any CPU
		{6423E317-A8B7-4602-90CE-4C9DAB04730F}.Release|Any CPU.ActiveCfg = Release|Any CPU
		{6423E317-A8B7-4602-90CE-4C9DAB04730F}.Release|Any CPU.Build.0 = Release|Any CPU
	EndGlobalSection
	GlobalSection(SolutionProperties) = preSolution
		HideSolutionNode = FALSE
	EndGlobalSection
	GlobalSection(ExtensibilityGlobals) = postSolution
		SolutionGuid = {9E24F3B9-4E0E-4ADE-A2BB-765F0C01CD8C}
	EndGlobalSection
EndGlobal
